
Microsoft Visual Studio Solution File, Format Version 12.00
# Visual Studio Version 17
VisualStudioVersion = 17.2.32630.192
MinimumVisualStudioVersion = 10.0.40219.1
Project("{FAE04EC0-301F-11D3-BF4B-00C04F79EFBC}") = "Cookie", "Cookie\Cookie.csproj", "{93092BEA-FFEB-4D11-88D8-65B982FC1EBC}"
EndProject
Global
	GlobalSection(SolutionConfigurationPlatforms) = preSolution
		Debug|Any CPU = Debug|Any CPU
		Release|Any CPU = Release|Any CPU
	EndGlobalSection
	GlobalSection(ProjectConfigurationPlatforms) = postSolution
		{93092BEA-FFEB-4D11-88D8-65B982FC1EBC}.Debug|Any CPU.ActiveCfg = Debug|Any CPU
		{93092BEA-FFEB-4D11-88D8-65B982FC1EBC}.Debug|Any CPU.Build.0 = Debug|Any CPU
		{93092BEA-FFEB-4D11-88D8-65B982FC1EBC}.Release|Any CPU.ActiveCfg = Release|Any CPU
		{93092BEA-FFEB-4D11-88D8-65B982FC1EBC}.Release|Any CPU.Build.0 = Release|Any CPU
	EndGlobalSection
	GlobalSection(SolutionProperties) = preSolution
		HideSolutionNode = FALSE
	EndGlobalSection
	GlobalSection(ExtensibilityGlobals) = postSolution
		SolutionGuid = {B6F7DB2C-13A0-4B12-AB60-4BD6B8A26040}
	EndGlobalSection
EndGlobal
